PODS:
  - Alamofire (4.5.1)
  - MBProgressHUD (1.0.0)
  - QRCodeReader.swift (8.0.3)
  - SwiftyJSON (4.0.0)
  - SWRevealViewController (2.3.0)
  - TPKeyboardAvoiding (1.3)

DEPENDENCIES:
  - Alamofire (~> 4.5)
  - MBProgressHUD (~> 1.0.0)
  - QRCodeReader.swift (~> 8.0.3)
  - SwiftyJSON (~> 4.0.0)
  - SWRevealViewController (~> 2.3.0)
  - TPKeyboardAvoiding (= 1.3)

SPEC CHECKSUMS:
  Alamofire: 2d95912bf4c34f164fdfc335872e8c312acaea4a
  MBProgressHUD: 4890f671c94e8a0f3cf959aa731e9de2f036d71a
  QRCodeReader.swift: 7c98a05c2544a7c8737853845428b4460273d50d
  SwiftyJSON: 070dabdcb1beb81b247c65ffa3a79dbbfb3b48aa
  SWRevealViewController: 6d3fd97f70112fd7cef9de14df4260eacce4c63a
  TPKeyboardAvoiding: a5138f318c06fb3e151f886e18ce4a72695d9cbe

PODFILE CHECKSUM: 73bac51b95e208ec2cae8319da9887e0b0ff06fd

COCOAPODS: 1.3.1
