// !$*UTF8*$!
{
	archiveVersion = 1;
	classes = {
	};
	objectVersion = 48;
	objects = {

/* Begin PBXBuildFile section */
		0425973E1FF7A8CF00034E4B /* AppDelegate.m in Sources */ = {isa = PBXBuildFile; fileRef = 0425973D1FF7A8CF00034E4B /* AppDelegate.m */; };
		042597411FF7A8CF00034E4B /* ViewController.m in Sources */ = {isa = PBXBuildFile; fileRef = 042597401FF7A8CF00034E4B /* ViewController.m */; };
		042597441FF7A8CF00034E4B /* Main.storyboard in Resources */ = {isa = PBXBuildFile; fileRef = 042597421FF7A8CF00034E4B /* Main.storyboard */; };
		042597461FF7A8CF00034E4B /* Assets.xcassets in Resources */ = {isa = PBXBuildFile; fileRef = 042597451FF7A8CF00034E4B /* Assets.xcassets */; };
		042597491FF7A8CF00034E4B /* LaunchScreen.storyboard in Resources */ = {isa = PBXBuildFile; fileRef = 042597471FF7A8CF00034E4B /* LaunchScreen.storyboard */; };
		0425974C1FF7A8CF00034E4B /* main.m in Sources */ = {isa = PBXBuildFile; fileRef = 0425974B1FF7A8CF00034E4B /* main.m */; };
		04711A921FF8E4F100029E58 /* Event.m in Sources */ = {isa = PBXBuildFile; fileRef = 04711A911FF8E4F100029E58 /* Event.m */; };
		04711A961FF8E8EF00029E58 /* WebServiceController.m in Sources */ = {isa = PBXBuildFile; fileRef = 04711A951FF8E8EF00029E58 /* WebServiceController.m */; };
		04711A991FF8E94500029E58 /* SettingsManager.m in Sources */ = {isa = PBXBuildFile; fileRef = 04711A981FF8E94500029E58 /* SettingsManager.m */; };
		04711A9D1FF8E9CD00029E58 /* AppConstants.m in Sources */ = {isa = PBXBuildFile; fileRef = 04711A9C1FF8E9CD00029E58 /* AppConstants.m */; };
		04711AA01FF8E9DB00029E58 /* URLConstants.m in Sources */ = {isa = PBXBuildFile; fileRef = 04711A9F1FF8E9DB00029E58 /* URLConstants.m */; };
		04711AA61FF8ED1000029E58 /* AppError.m in Sources */ = {isa = PBXBuildFile; fileRef = 04711AA51FF8ED1000029E58 /* AppError.m */; };
		04711AA91FF8EEA300029E58 /* JSONResponseSerializerWithData.m in Sources */ = {isa = PBXBuildFile; fileRef = 04711AA81FF8EEA300029E58 /* JSONResponseSerializerWithData.m */; };
		04711AAC1FF8EFC800029E58 /* AppUtility.m in Sources */ = {isa = PBXBuildFile; fileRef = 04711AAB1FF8EFC800029E58 /* AppUtility.m */; };
		04711AB01FF8F35500029E58 /* LoginViewController.m in Sources */ = {isa = PBXBuildFile; fileRef = 04711AAF1FF8F35500029E58 /* LoginViewController.m */; };
		04711AB31FF8F36A00029E58 /* EventViewController.m in Sources */ = {isa = PBXBuildFile; fileRef = 04711AB21FF8F36A00029E58 /* EventViewController.m */; };
		04711AB61FF8F37A00029E58 /* EventDetailViewController.m in Sources */ = {isa = PBXBuildFile; fileRef = 04711AB51FF8F37A00029E58 /* EventDetailViewController.m */; };
		04711AB91FF8F38B00029E58 /* EventDayToolsViewController.m in Sources */ = {isa = PBXBuildFile; fileRef = 04711AB81FF8F38B00029E58 /* EventDayToolsViewController.m */; };
		04711ABC1FF8F44100029E58 /* LoginController.m in Sources */ = {isa = PBXBuildFile; fileRef = 04711ABB1FF8F44100029E58 /* LoginController.m */; };
		4C5F5685F3A486F10C2C0056 /* libPods-Billetes.a in Frameworks */ = {isa = PBXBuildFile; fileRef = 92F9B369826C63699D65E87B /* libPods-Billetes.a */; };
/* End PBXBuildFile section */

/* Begin PBXFileReference section */
		042597391FF7A8CF00034E4B /* Billetes.app */ = {isa = PBXFileReference; explicitFileType = wrapper.application; includeInIndex = 0; path = Billetes.app; sourceTree = BUILT_PRODUCTS_DIR; };
		0425973C1FF7A8CF00034E4B /* AppDelegate.h */ = {isa = PBXFileReference; lastKnownFileType = sourcecode.c.h; path = AppDelegate.h; sourceTree = "<group>"; };
		0425973D1FF7A8CF00034E4B /* AppDelegate.m */ = {isa = PBXFileReference; lastKnownFileType = sourcecode.c.objc; path = AppDelegate.m; sourceTree = "<group>"; };
		0425973F1FF7A8CF00034E4B /* ViewController.h */ = {isa = PBXFileReference; lastKnownFileType = sourcecode.c.h; path = ViewController.h; sourceTree = "<group>"; };
		042597401FF7A8CF00034E4B /* ViewController.m */ = {isa = PBXFileReference; lastKnownFileType = sourcecode.c.objc; path = ViewController.m; sourceTree = "<group>"; };
		042597431FF7A8CF00034E4B /* Base */ = {isa = PBXFileReference; lastKnownFileType = file.storyboard; name = Base; path = Base.lproj/Main.storyboard; sourceTree = "<group>"; };
		042597451FF7A8CF00034E4B /* Assets.xcassets */ = {isa = PBXFileReference; lastKnownFileType = folder.assetcatalog; path = Assets.xcassets; sourceTree = "<group>"; };
		042597481FF7A8CF00034E4B /* Base */ = {isa = PBXFileReference; lastKnownFileType = file.storyboard; name = Base; path = Base.lproj/LaunchScreen.storyboard; sourceTree = "<group>"; };
		0425974A1FF7A8CF00034E4B /* Info.plist */ = {isa = PBXFileReference; lastKnownFileType = text.plist.xml; path = Info.plist; sourceTree = "<group>"; };
		0425974B1FF7A8CF00034E4B /* main.m */ = {isa = PBXFileReference; lastKnownFileType = sourcecode.c.objc; path = main.m; sourceTree = "<group>"; };
		04711A901FF8E4F100029E58 /* Event.h */ = {isa = PBXFileReference; lastKnownFileType = sourcecode.c.h; path = Event.h; sourceTree = "<group>"; };
		04711A911FF8E4F100029E58 /* Event.m */ = {isa = PBXFileReference; lastKnownFileType = sourcecode.c.objc; path = Event.m; sourceTree = "<group>"; };
		04711A941FF8E8EF00029E58 /* WebServiceController.h */ = {isa = PBXFileReference; lastKnownFileType = sourcecode.c.h; path = WebServiceController.h; sourceTree = "<group>"; };
		04711A951FF8E8EF00029E58 /* WebServiceController.m */ = {isa = PBXFileReference; lastKnownFileType = sourcecode.c.objc; path = WebServiceController.m; sourceTree = "<group>"; };
		04711A971FF8E94500029E58 /* SettingsManager.h */ = {isa = PBXFileReference; lastKnownFileType = sourcecode.c.h; path = SettingsManager.h; sourceTree = "<group>"; };
		04711A981FF8E94500029E58 /* SettingsManager.m */ = {isa = PBXFileReference; lastKnownFileType = sourcecode.c.objc; path = SettingsManager.m; sourceTree = "<group>"; };
		04711A9B1FF8E9CD00029E58 /* AppConstants.h */ = {isa = PBXFileReference; lastKnownFileType = sourcecode.c.h; path = AppConstants.h; sourceTree = "<group>"; };
		04711A9C1FF8E9CD00029E58 /* AppConstants.m */ = {isa = PBXFileReference; lastKnownFileType = sourcecode.c.objc; path = AppConstants.m; sourceTree = "<group>"; };
		04711A9E1FF8E9DB00029E58 /* URLConstants.h */ = {isa = PBXFileReference; lastKnownFileType = sourcecode.c.h; path = URLConstants.h; sourceTree = "<group>"; };
		04711A9F1FF8E9DB00029E58 /* URLConstants.m */ = {isa = PBXFileReference; lastKnownFileType = sourcecode.c.objc; path = URLConstants.m; sourceTree = "<group>"; };
		04711AA41FF8ED1000029E58 /* AppError.h */ = {isa = PBXFileReference; lastKnownFileType = sourcecode.c.h; path = AppError.h; sourceTree = "<group>"; };
		04711AA51FF8ED1000029E58 /* AppError.m */ = {isa = PBXFileReference; lastKnownFileType = sourcecode.c.objc; path = AppError.m; sourceTree = "<group>"; };
		04711AA71FF8EEA300029E58 /* JSONResponseSerializerWithData.h */ = {isa = PBXFileReference; fileEncoding = 4; lastKnownFileType = sourcecode.c.h; path = JSONResponseSerializerWithData.h; sourceTree = "<group>"; };
		04711AA81FF8EEA300029E58 /* JSONResponseSerializerWithData.m */ = {isa = PBXFileReference; fileEncoding = 4; lastKnownFileType = sourcecode.c.objc; path = JSONResponseSerializerWithData.m; sourceTree = "<group>"; };
		04711AAA1FF8EFC800029E58 /* AppUtility.h */ = {isa = PBXFileReference; lastKnownFileType = sourcecode.c.h; path = AppUtility.h; sourceTree = "<group>"; };
		04711AAB1FF8EFC800029E58 /* AppUtility.m */ = {isa = PBXFileReference; lastKnownFileType = sourcecode.c.objc; path = AppUtility.m; sourceTree = "<group>"; };
		04711AAE1FF8F35500029E58 /* LoginViewController.h */ = {isa = PBXFileReference; lastKnownFileType = sourcecode.c.h; path = LoginViewController.h; sourceTree = "<group>"; };
		04711AAF1FF8F35500029E58 /* LoginViewController.m */ = {isa = PBXFileReference; lastKnownFileType = sourcecode.c.objc; path = LoginViewController.m; sourceTree = "<group>"; };
		04711AB11FF8F36A00029E58 /* EventViewController.h */ = {isa = PBXFileReference; lastKnownFileType = sourcecode.c.h; path = EventViewController.h; sourceTree = "<group>"; };
		04711AB21FF8F36A00029E58 /* EventViewController.m */ = {isa = PBXFileReference; lastKnownFileType = sourcecode.c.objc; path = EventViewController.m; sourceTree = "<group>"; };
		04711AB41FF8F37A00029E58 /* EventDetailViewController.h */ = {isa = PBXFileReference; lastKnownFileType = sourcecode.c.h; path = EventDetailViewController.h; sourceTree = "<group>"; };
		04711AB51FF8F37A00029E58 /* EventDetailViewController.m */ = {isa = PBXFileReference; lastKnownFileType = sourcecode.c.objc; path = EventDetailViewController.m; sourceTree = "<group>"; };
		04711AB71FF8F38B00029E58 /* EventDayToolsViewController.h */ = {isa = PBXFileReference; lastKnownFileType = sourcecode.c.h; path = EventDayToolsViewController.h; sourceTree = "<group>"; };
		04711AB81FF8F38B00029E58 /* EventDayToolsViewController.m */ = {isa = PBXFileReference; lastKnownFileType = sourcecode.c.objc; path = EventDayToolsViewController.m; sourceTree = "<group>"; };
		04711ABA1FF8F44100029E58 /* LoginController.h */ = {isa = PBXFileReference; lastKnownFileType = sourcecode.c.h; path = LoginController.h; sourceTree = "<group>"; };
		04711ABB1FF8F44100029E58 /* LoginController.m */ = {isa = PBXFileReference; lastKnownFileType = sourcecode.c.objc; path = LoginController.m; sourceTree = "<group>"; };
		735A4E91AAF99F26112E08FA /* Pods-Billetes.release.xcconfig */ = {isa = PBXFileReference; includeInIndex = 1; lastKnownFileType = text.xcconfig; name = "Pods-Billetes.release.xcconfig"; path = "Pods/Target Support Files/Pods-Billetes/Pods-Billetes.release.xcconfig"; sourceTree = "<group>"; };
		92F9B369826C63699D65E87B /* libPods-Billetes.a */ = {isa = PBXFileReference; explicitFileType = archive.ar; includeInIndex = 0; path = "libPods-Billetes.a"; sourceTree = BUILT_PRODUCTS_DIR; };
		DE7C1113954D528643CA94C7 /* Pods-Billetes.debug.xcconfig */ = {isa = PBXFileReference; includeInIndex = 1; lastKnownFileType = text.xcconfig; name = "Pods-Billetes.debug.xcconfig"; path = "Pods/Target Support Files/Pods-Billetes/Pods-Billetes.debug.xcconfig"; sourceTree = "<group>"; };
/* End PBXFileReference section */

/* Begin PBXFrameworksBuildPhase section */
		042597361FF7A8CF00034E4B /* Frameworks */ = {
			isa = PBXFrameworksBuildPhase;
			buildActionMask = 2147483647;
			files = (
				4C5F5685F3A486F10C2C0056 /* libPods-Billetes.a in Frameworks */,
			);
			runOnlyForDeploymentPostprocessing = 0;
		};
/* End PBXFrameworksBuildPhase section */

/* Begin PBXGroup section */
		042597301FF7A8CF00034E4B = {
			isa = PBXGroup;
			children = (
				0425973B1FF7A8CF00034E4B /* Billetes */,
				0425973A1FF7A8CF00034E4B /* Products */,
				3B812C7AD0B2B5EA783564C3 /* Pods */,
				DA33A46922FD778A810F41F6 /* Frameworks */,
			);
			sourceTree = "<group>";
		};
		0425973A1FF7A8CF00034E4B /* Products */ = {
			isa = PBXGroup;
			children = (
				042597391FF7A8CF00034E4B /* Billetes.app */,
			);
			name = Products;
			sourceTree = "<group>";
		};
		0425973B1FF7A8CF00034E4B /* Billetes */ = {
			isa = PBXGroup;
			children = (
				04711AAD1FF8F33200029E58 /* ViewControllers */,
				04711A9A1FF8E9B600029E58 /* Utilities */,
				04711A931FF8E8CB00029E58 /* Controllers */,
				04711A8F1FF8E43800029E58 /* Models */,
				0425973C1FF7A8CF00034E4B /* AppDelegate.h */,
				0425973D1FF7A8CF00034E4B /* AppDelegate.m */,
				0425973F1FF7A8CF00034E4B /* ViewController.h */,
				042597401FF7A8CF00034E4B /* ViewController.m */,
				042597421FF7A8CF00034E4B /* Main.storyboard */,
				042597451FF7A8CF00034E4B /* Assets.xcassets */,
				042597471FF7A8CF00034E4B /* LaunchScreen.storyboard */,
				0425974A1FF7A8CF00034E4B /* Info.plist */,
				0425974B1FF7A8CF00034E4B /* main.m */,
			);
			path = Billetes;
			sourceTree = "<group>";
		};
		04711A8F1FF8E43800029E58 /* Models */ = {
			isa = PBXGroup;
			children = (
				04711A901FF8E4F100029E58 /* Event.h */,
				04711A911FF8E4F100029E58 /* Event.m */,
			);
			path = Models;
			sourceTree = "<group>";
		};
		04711A931FF8E8CB00029E58 /* Controllers */ = {
			isa = PBXGroup;
			children = (
				04711A941FF8E8EF00029E58 /* WebServiceController.h */,
				04711A951FF8E8EF00029E58 /* WebServiceController.m */,
				04711A971FF8E94500029E58 /* SettingsManager.h */,
				04711A981FF8E94500029E58 /* SettingsManager.m */,
				04711ABA1FF8F44100029E58 /* LoginController.h */,
				04711ABB1FF8F44100029E58 /* LoginController.m */,
			);
			path = Controllers;
			sourceTree = "<group>";
		};
		04711A9A1FF8E9B600029E58 /* Utilities */ = {
			isa = PBXGroup;
			children = (
				04711AA71FF8EEA300029E58 /* JSONResponseSerializerWithData.h */,
				04711AA81FF8EEA300029E58 /* JSONResponseSerializerWithData.m */,
				04711A9B1FF8E9CD00029E58 /* AppConstants.h */,
				04711A9C1FF8E9CD00029E58 /* AppConstants.m */,
				04711A9E1FF8E9DB00029E58 /* URLConstants.h */,
				04711A9F1FF8E9DB00029E58 /* URLConstants.m */,
				04711AA41FF8ED1000029E58 /* AppError.h */,
				04711AA51FF8ED1000029E58 /* AppError.m */,
				04711AAA1FF8EFC800029E58 /* AppUtility.h */,
				04711AAB1FF8EFC800029E58 /* AppUtility.m */,
			);
			path = Utilities;
			sourceTree = "<group>";
		};
		04711AAD1FF8F33200029E58 /* ViewControllers */ = {
			isa = PBXGroup;
			children = (
				04711AAE1FF8F35500029E58 /* LoginViewController.h */,
				04711AAF1FF8F35500029E58 /* LoginViewController.m */,
				04711AB11FF8F36A00029E58 /* EventViewController.h */,
				04711AB21FF8F36A00029E58 /* EventViewController.m */,
				04711AB41FF8F37A00029E58 /* EventDetailViewController.h */,
				04711AB51FF8F37A00029E58 /* EventDetailViewController.m */,
				04711AB71FF8F38B00029E58 /* EventDayToolsViewController.h */,
				04711AB81FF8F38B00029E58 /* EventDayToolsViewController.m */,
			);
			path = ViewControllers;
			sourceTree = "<group>";
		};
		3B812C7AD0B2B5EA783564C3 /* Pods */ = {
			isa = PBXGroup;
			children = (
				DE7C1113954D528643CA94C7 /* Pods-Billetes.debug.xcconfig */,
				735A4E91AAF99F26112E08FA /* Pods-Billetes.release.xcconfig */,
			);
			name = Pods;
			sourceTree = "<group>";
		};
		DA33A46922FD778A810F41F6 /* Frameworks */ = {
			isa = PBXGroup;
			children = (
				92F9B369826C63699D65E87B /* libPods-Billetes.a */,
			);
			name = Frameworks;
			sourceTree = "<group>";
		};
/* End PBXGroup section */

/* Begin PBXNativeTarget section */
		042597381FF7A8CF00034E4B /* Billetes */ = {
			isa = PBXNativeTarget;
			buildConfigurationList = 0425974F1FF7A8CF00034E4B /* Build configuration list for PBXNativeTarget "Billetes" */;
			buildPhases = (
				34AF520F39B2DDD74D0B91A2 /* [CP] Check Pods Manifest.lock */,
				042597351FF7A8CF00034E4B /* Sources */,
				042597361FF7A8CF00034E4B /* Frameworks */,
				042597371FF7A8CF00034E4B /* Resources */,
				E16590B9861B6CE6920EDB45 /* [CP] Embed Pods Frameworks */,
				81A46B2C75720F0FA17B574E /* [CP] Copy Pods Resources */,
			);
			buildRules = (
			);
			dependencies = (
			);
			name = Billetes;
			productName = Billetes;
			productReference = 042597391FF7A8CF00034E4B /* Billetes.app */;
			productType = "com.apple.product-type.application";
		};
/* End PBXNativeTarget section */

/* Begin PBXProject section */
		042597311FF7A8CF00034E4B /* Project object */ = {
			isa = PBXProject;
			attributes = {
				LastUpgradeCheck = 0900;
				ORGANIZATIONNAME = Boletos;
				TargetAttributes = {
					042597381FF7A8CF00034E4B = {
						CreatedOnToolsVersion = 9.0;
						ProvisioningStyle = Manual;
					};
				};
			};
			buildConfigurationList = 042597341FF7A8CF00034E4B /* Build configuration list for PBXProject "Billetes" */;
			compatibilityVersion = "Xcode 8.0";
			developmentRegion = en;
			hasScannedForEncodings = 0;
			knownRegions = (
				en,
				Base,
			);
			mainGroup = 042597301FF7A8CF00034E4B;
			productRefGroup = 0425973A1FF7A8CF00034E4B /* Products */;
			projectDirPath = "";
			projectRoot = "";
			targets = (
				042597381FF7A8CF00034E4B /* Billetes */,
			);
		};
/* End PBXProject section */

/* Begin PBXResourcesBuildPhase section */
		042597371FF7A8CF00034E4B /* Resources */ = {
			isa = PBXResourcesBuildPhase;
			buildActionMask = 2147483647;
			files = (
				042597491FF7A8CF00034E4B /* LaunchScreen.storyboard in Resources */,
				042597461FF7A8CF00034E4B /* Assets.xcassets in Resources */,
				042597441FF7A8CF00034E4B /* Main.storyboard in Resources */,
			);
			runOnlyForDeploymentPostprocessing = 0;
		};
/* End PBXResourcesBuildPhase section */

/* Begin PBXShellScriptBuildPhase section */
		34AF520F39B2DDD74D0B91A2 /* [CP] Check Pods Manifest.lock */ = {
			isa = PBXShellScriptBuildPhase;
			buildActionMask = 2147483647;
			files = (
			);
			inputPaths = (
			);
			name = "[CP] Check Pods Manifest.lock";
			outputPaths = (
			);
			runOnlyForDeploymentPostprocessing = 0;
			shellPath = /bin/sh;
			shellScript = "diff \"${PODS_PODFILE_DIR_PATH}/Podfile.lock\" \"${PODS_ROOT}/Manifest.lock\" > /dev/null\nif [ $? != 0 ] ; then\n    # print error to STDERR\n    echo \"error: The sandbox is not in sync with the Podfile.lock. Run 'pod install' or update your CocoaPods installation.\" >&2\n    exit 1\nfi\n";
			showEnvVarsInLog = 0;
		};
		81A46B2C75720F0FA17B574E /* [CP] Copy Pods Resources */ = {
			isa = PBXShellScriptBuildPhase;
			buildActionMask = 2147483647;
			files = (
			);
			inputPaths = (
			);
			name = "[CP] Copy Pods Resources";
			outputPaths = (
			);
			runOnlyForDeploymentPostprocessing = 0;
			shellPath = /bin/sh;
			shellScript = "\"${SRCROOT}/Pods/Target Support Files/Pods-Billetes/Pods-Billetes-resources.sh\"\n";
			showEnvVarsInLog = 0;
		};
		E16590B9861B6CE6920EDB45 /* [CP] Embed Pods Frameworks */ = {
			isa = PBXShellScriptBuildPhase;
			buildActionMask = 2147483647;
			files = (
			);
			inputPaths = (
			);
			name = "[CP] Embed Pods Frameworks";
			outputPaths = (
			);
			runOnlyForDeploymentPostprocessing = 0;
			shellPath = /bin/sh;
			shellScript = "\"${SRCROOT}/Pods/Target Support Files/Pods-Billetes/Pods-Billetes-frameworks.sh\"\n";
			showEnvVarsInLog = 0;
		};
/* End PBXShellScriptBuildPhase section */

/* Begin PBXSourcesBuildPhase section */
		042597351FF7A8CF00034E4B /* Sources */ = {
			isa = PBXSourcesBuildPhase;
			buildActionMask = 2147483647;
			files = (
				04711AA61FF8ED1000029E58 /* AppError.m in Sources */,
				04711A921FF8E4F100029E58 /* Event.m in Sources */,
				04711AA91FF8EEA300029E58 /* JSONResponseSerializerWithData.m in Sources */,
				04711AB31FF8F36A00029E58 /* EventViewController.m in Sources */,
				04711AA01FF8E9DB00029E58 /* URLConstants.m in Sources */,
				042597411FF7A8CF00034E4B /* ViewController.m in Sources */,
				04711AB61FF8F37A00029E58 /* EventDetailViewController.m in Sources */,
				04711AAC1FF8EFC800029E58 /* AppUtility.m in Sources */,
				0425974C1FF7A8CF00034E4B /* main.m in Sources */,
				04711ABC1FF8F44100029E58 /* LoginController.m in Sources */,
				0425973E1FF7A8CF00034E4B /* AppDelegate.m in Sources */,
				04711AB01FF8F35500029E58 /* LoginViewController.m in Sources */,
				04711A991FF8E94500029E58 /* SettingsManager.m in Sources */,
				04711A961FF8E8EF00029E58 /* WebServiceController.m in Sources */,
				04711A9D1FF8E9CD00029E58 /* AppConstants.m in Sources */,
				04711AB91FF8F38B00029E58 /* EventDayToolsViewController.m in Sources */,
			);
			runOnlyForDeploymentPostprocessing = 0;
		};
/* End PBXSourcesBuildPhase section */

/* Begin PBXVariantGroup section */
		042597421FF7A8CF00034E4B /* Main.storyboard */ = {
			isa = PBXVariantGroup;
			children = (
				042597431FF7A8CF00034E4B /* Base */,
			);
			name = Main.storyboard;
			sourceTree = "<group>";
		};
		042597471FF7A8CF00034E4B /* LaunchScreen.storyboard */ = {
			isa = PBXVariantGroup;
			children = (
				042597481FF7A8CF00034E4B /* Base */,
			);
			name = LaunchScreen.storyboard;
			sourceTree = "<group>";
		};
/* End PBXVariantGroup section */

/* Begin XCBuildConfiguration section */
		0425974D1FF7A8CF00034E4B /* Debug */ = {
			isa = XCBuildConfiguration;
			buildSettings = {
				ALWAYS_SEARCH_USER_PATHS = NO;
				CLANG_ANALYZER_NONNULL = YES;
				CLANG_ANALYZER_NUMBER_OBJECT_CONVERSION = YES_AGGRESSIVE;
				CLANG_CXX_LANGUAGE_STANDARD = "gnu++14";
				CLANG_CXX_LIBRARY = "libc++";
				CLANG_ENABLE_MODULES = YES;
				CLANG_ENABLE_OBJC_ARC = YES;
				CLANG_WARN_BLOCK_CAPTURE_AUTORELEASING = YES;
				CLANG_WARN_BOOL_CONVERSION = YES;
				CLANG_WARN_COMMA = YES;
				CLANG_WARN_CONSTANT_CONVERSION = YES;
				CLANG_WARN_DIRECT_OBJC_ISA_USAGE = YES_ERROR;
				CLANG_WARN_DOCUMENTATION_COMMENTS = YES;
				CLANG_WARN_EMPTY_BODY = YES;
				CLANG_WARN_ENUM_CONVERSION = YES;
				CLANG_WARN_INFINITE_RECURSION = YES;
				CLANG_WARN_INT_CONVERSION = YES;
				CLANG_WARN_NON_LITERAL_NULL_CONVERSION = YES;
				CLANG_WARN_OBJC_LITERAL_CONVERSION = YES;
				CLANG_WARN_OBJC_ROOT_CLASS = YES_ERROR;
				CLANG_WARN_RANGE_LOOP_ANALYSIS = YES;
				CLANG_WARN_STRICT_PROTOTYPES = YES;
				CLANG_WARN_SUSPICIOUS_MOVE = YES;
				CLANG_WARN_UNGUARDED_AVAILABILITY = YES_AGGRESSIVE;
				CLANG_WARN_UNREACHABLE_CODE = YES;
				CLANG_WARN__DUPLICATE_METHOD_MATCH = YES;
				CODE_SIGN_IDENTITY = "iPhone Developer";
				COPY_PHASE_STRIP = NO;
				DEBUG_INFORMATION_FORMAT = dwarf;
				ENABLE_STRICT_OBJC_MSGSEND = YES;
				ENABLE_TESTABILITY = YES;
				GCC_C_LANGUAGE_STANDARD = gnu11;
				GCC_DYNAMIC_NO_PIC = NO;
				GCC_NO_COMMON_BLOCKS = YES;
				GCC_OPTIMIZATION_LEVEL = 0;
				GCC_PREPROCESSOR_DEFINITIONS = (
					"DEBUG=1",
					"$(inherited)",
				);
				GCC_WARN_64_TO_32_BIT_CONVERSION = YES;
				GCC_WARN_ABOUT_RETURN_TYPE = YES_ERROR;
				GCC_WARN_UNDECLARED_SELECTOR = YES;
				GCC_WARN_UNINITIALIZED_AUTOS = YES_AGGRESSIVE;
				GCC_WARN_UNUSED_FUNCTION = YES;
				GCC_WARN_UNUSED_VARIABLE = YES;
				IPHONEOS_DEPLOYMENT_TARGET = 10.0;
				MTL_ENABLE_DEBUG_INFO = YES;
				ONLY_ACTIVE_ARCH = YES;
				SDKROOT = iphoneos;
			};
			name = Debug;
		};
		0425974E1FF7A8CF00034E4B /* Release */ = {
			isa = XCBuildConfiguration;
			buildSettings = {
				ALWAYS_SEARCH_USER_PATHS = NO;
				CLANG_ANALYZER_NONNULL = YES;
				CLANG_ANALYZER_NUMBER_OBJECT_CONVERSION = YES_AGGRESSIVE;
				CLANG_CXX_LANGUAGE_STANDARD = "gnu++14";
				CLANG_CXX_LIBRARY = "libc++";
				CLANG_ENABLE_MODULES = YES;
				CLANG_ENABLE_OBJC_ARC = YES;
				CLANG_WARN_BLOCK_CAPTURE_AUTORELEASING = YES;
				CLANG_WARN_BOOL_CONVERSION = YES;
				CLANG_WARN_COMMA = YES;
				CLANG_WARN_CONSTANT_CONVERSION = YES;
				CLANG_WARN_DIRECT_OBJC_ISA_USAGE = YES_ERROR;
				CLANG_WARN_DOCUMENTATION_COMMENTS = YES;
				CLANG_WARN_EMPTY_BODY = YES;
				CLANG_WARN_ENUM_CONVERSION = YES;
				CLANG_WARN_INFINITE_RECURSION = YES;
				CLANG_WARN_INT_CONVERSION = YES;
				CLANG_WARN_NON_LITERAL_NULL_CONVERSION = YES;
				CLANG_WARN_OBJC_LITERAL_CONVERSION = YES;
				CLANG_WARN_OBJC_ROOT_CLASS = YES_ERROR;
				CLANG_WARN_RANGE_LOOP_ANALYSIS = YES;
				CLANG_WARN_STRICT_PROTOTYPES = YES;
				CLANG_WARN_SUSPICIOUS_MOVE = YES;
				CLANG_WARN_UNGUARDED_AVAILABILITY = YES_AGGRESSIVE;
				CLANG_WARN_UNREACHABLE_CODE = YES;
				CLANG_WARN__DUPLICATE_METHOD_MATCH = YES;
				CODE_SIGN_IDENTITY = "iPhone Developer";
				COPY_PHASE_STRIP = NO;
				DEBUG_INFORMATION_FORMAT = "dwarf-with-dsym";
				ENABLE_NS_ASSERTIONS = NO;
				ENABLE_STRICT_OBJC_MSGSEND = YES;
				GCC_C_LANGUAGE_STANDARD = gnu11;
				GCC_NO_COMMON_BLOCKS = YES;
				GCC_WARN_64_TO_32_BIT_CONVERSION = YES;
				GCC_WARN_ABOUT_RETURN_TYPE = YES_ERROR;
				GCC_WARN_UNDECLARED_SELECTOR = YES;
				GCC_WARN_UNINITIALIZED_AUTOS = YES_AGGRESSIVE;
				GCC_WARN_UNUSED_FUNCTION = YES;
				GCC_WARN_UNUSED_VARIABLE = YES;
				IPHONEOS_DEPLOYMENT_TARGET = 10.0;
				MTL_ENABLE_DEBUG_INFO = NO;
				SDKROOT = iphoneos;
				VALIDATE_PRODUCT = YES;
			};
			name = Release;
		};
		042597501FF7A8CF00034E4B /* Debug */ = {
			isa = XCBuildConfiguration;
			baseConfigurationReference = DE7C1113954D528643CA94C7 /* Pods-Billetes.debug.xcconfig */;
			buildSettings = {
				ASSETCATALOG_COMPILER_APPICON_NAME = AppIcon;
				CODE_SIGN_STYLE = Manual;
				DEVELOPMENT_TEAM = "";
				INFOPLIST_FILE = Billetes/Info.plist;
				IPHONEOS_DEPLOYMENT_TARGET = 10.0;
				LD_RUNPATH_SEARCH_PATHS = "$(inherited) @executable_path/Frameworks";
				PRODUCT_BUNDLE_IDENTIFIER = com.boletos.Billetes;
				PRODUCT_NAME = "$(TARGET_NAME)";
				PROVISIONING_PROFILE_SPECIFIER = "";
				TARGETED_DEVICE_FAMILY = "1,2";
			};
			name = Debug;
		};
		042597511FF7A8CF00034E4B /* Release */ = {
			isa = XCBuildConfiguration;
			baseConfigurationReference = 735A4E91AAF99F26112E08FA /* Pods-Billetes.release.xcconfig */;
			buildSettings = {
				ASSETCATALOG_COMPILER_APPICON_NAME = AppIcon;
				CODE_SIGN_STYLE = Manual;
				DEVELOPMENT_TEAM = "";
				INFOPLIST_FILE = Billetes/Info.plist;
				IPHONEOS_DEPLOYMENT_TARGET = 10.0;
				LD_RUNPATH_SEARCH_PATHS = "$(inherited) @executable_path/Frameworks";
				PRODUCT_BUNDLE_IDENTIFIER = com.boletos.Billetes;
				PRODUCT_NAME = "$(TARGET_NAME)";
				PROVISIONING_PROFILE_SPECIFIER = "";
				TARGETED_DEVICE_FAMILY = "1,2";
			};
			name = Release;
		};
/* End XCBuildConfiguration section */

/* Begin XCConfigurationList section */
		042597341FF7A8CF00034E4B /* Build configuration list for PBXProject "Billetes" */ = {
			isa = XCConfigurationList;
			buildConfigurations = (
				0425974D1FF7A8CF00034E4B /* Debug */,
				0425974E1FF7A8CF00034E4B /* Release */,
			);
			defaultConfigurationIsVisible = 0;
			defaultConfigurationName = Release;
		};
		0425974F1FF7A8CF00034E4B /* Build configuration list for PBXNativeTarget "Billetes" */ = {
			isa = XCConfigurationList;
			buildConfigurations = (
				042597501FF7A8CF00034E4B /* Debug */,
				042597511FF7A8CF00034E4B /* Release */,
			);
			defaultConfigurationIsVisible = 0;
			defaultConfigurationName = Release;
		};
/* End XCConfigurationList section */
	};
	rootObject = 042597311FF7A8CF00034E4B /* Project object */;
}
